
Microsoft Visual Studio Solution File, Format Version 12.00
# Visual Studio Version 16
VisualStudioVersion = 16.0.29905.134
MinimumVisualStudioVersion = 10.0.40219.1
Project("{9A19103F-16F7-4668-BE54-9A1E7A4F7556}") = "Panosen.StateMachine", "Panosen.StateMachine\Panosen.StateMachine.csproj", "{63A9CBC5-6A11-449C-B11D-D6A7A5235A6C}"
EndProject
Project("{FAE04EC0-301F-11D3-BF4B-00C04F79EFBC}") = "Panosen.StateMachine.MSTest", "Panosen.StateMachine.MSTest\Panosen.StateMachine.MSTest.csproj", "{D07BE835-988E-4B89-9A88-E72B925CFCCB}"
EndProject
Global
	GlobalSection(SolutionConfigurationPlatforms) = preSolution
		Debug|Any CPU = Debug|Any CPU
		Release|Any CPU = Release|Any CPU
	EndGlobalSection
	GlobalSection(ProjectConfigurationPlatforms) = postSolution
		{63A9CBC5-6A11-449C-B11D-D6A7A5235A6C}.Debug|Any CPU.ActiveCfg = Debug|Any CPU
		{63A9CBC5-6A11-449C-B11D-D6A7A5235A6C}.Debug|Any CPU.Build.0 = Debug|Any CPU
		{63A9CBC5-6A11-449C-B11D-D6A7A5235A6C}.Release|Any CPU.ActiveCfg = Release|Any CPU
		{63A9CBC5-6A11-449C-B11D-D6A7A5235A6C}.Release|Any CPU.Build.0 = Release|Any CPU
		{D07BE835-988E-4B89-9A88-E72B925CFCCB}.Debug|Any CPU.ActiveCfg = Debug|Any CPU
		{D07BE835-988E-4B89-9A88-E72B925CFCCB}.Debug|Any CPU.Build.0 = Debug|Any CPU
		{D07BE835-988E-4B89-9A88-E72B925CFCCB}.Release|Any CPU.ActiveCfg = Release|Any CPU
		{D07BE835-988E-4B89-9A88-E72B925CFCCB}.Release|Any CPU.Build.0 = Release|Any CPU
	EndGlobalSection
	GlobalSection(SolutionProperties) = preSolution
		HideSolutionNode = FALSE
	EndGlobalSection
	GlobalSection(ExtensibilityGlobals) = postSolution
		SolutionGuid = {4533FA0D-F000-4C91-AE89-8157C809752B}
	EndGlobalSection
EndGlobal
